{
  "name": "nut-ioc",
  "version": "1.0.0",
  "lockfileVersion": 1,
  "requires": true,
  "dependencies": {
    "nut-pipe": {
      "version": "1.0.9",
      "resolved": "https://registry.npmjs.org/nut-pipe/-/nut-pipe-1.0.9.tgz",
      "integrity": "sha512-yCyAbsXPqR+Dyyw0d1JeipwgawdntAw+MrSlpdU9droHSYd8f9Gz65d3hTgfCT21oJQhDkeS3/ShBiT4KsmgUg=="
    }
  }
}
